
Microsoft Visual Studio Solution File, Format Version 12.00
# Visual Studio Version 16
VisualStudioVersion = 16.0.30804.86
MinimumVisualStudioVersion = 10.0.40219.1
Project("{FAE04EC0-301F-11D3-BF4B-00C04F79EFBC}") = "EventityDemo", "EventityDemo\EventityDemo.csproj", "{712EF475-04AF-4BD9-B669-F7BB2F03FFF5}"
EndProject
Project("{2150E333-8FDC-42A3-9474-1A3956D46DE8}") = "Solution Items", "Solution Items", "{6559F92E-E98A-4F9B-BB0C-25B708BEB3E2}"
	ProjectSection(SolutionItems) = preProject
		README.md = README.md
	EndProjectSection
EndProject
Global
	GlobalSection(SolutionConfigurationPlatforms) = preSolution
		Debug|Any CPU = Debug|Any CPU
		Release|Any CPU = Release|Any CPU
	EndGlobalSection
	GlobalSection(ProjectConfigurationPlatforms) = postSolution
		{712EF475-04AF-4BD9-B669-F7BB2F03FFF5}.Debug|Any CPU.ActiveCfg = Debug|Any CPU
		{712EF475-04AF-4BD9-B669-F7BB2F03FFF5}.Debug|Any CPU.Build.0 = Debug|Any CPU
		{712EF475-04AF-4BD9-B669-F7BB2F03FFF5}.Release|Any CPU.ActiveCfg = Release|Any CPU
		{712EF475-04AF-4BD9-B669-F7BB2F03FFF5}.Release|Any CPU.Build.0 = Release|Any CPU
	EndGlobalSection
	GlobalSection(SolutionProperties) = preSolution
		HideSolutionNode = FALSE
	EndGlobalSection
	GlobalSection(ExtensibilityGlobals) = postSolution
		SolutionGuid = {EDBF9FBF-ABD9-4247-A9EF-A468C02E24E0}
	EndGlobalSection
EndGlobal
